
Microsoft Visual Studio Solution File, Format Version 12.00
# Visual Studio Version 16
VisualStudioVersion = 16.0.30621.155
MinimumVisualStudioVersion = 10.0.40219.1
Project("{FAE04EC0-301F-11D3-BF4B-00C04F79EFBC}") = "DSL", "DSL\DSL.csproj", "{0DC2D8DE-A6C4-4C84-85A8-3E6A4187E8EC}"
EndProject
Global
	GlobalSection(SolutionConfigurationPlatforms) = preSolution
		Debug|Any CPU = Debug|Any CPU
		Release|Any CPU = Release|Any CPU
	EndGlobalSection
	GlobalSection(ProjectConfigurationPlatforms) = postSolution
		{0DC2D8DE-A6C4-4C84-85A8-3E6A4187E8EC}.Debug|Any CPU.ActiveCfg = Debug|Any CPU
		{0DC2D8DE-A6C4-4C84-85A8-3E6A4187E8EC}.Debug|Any CPU.Build.0 = Debug|Any CPU
		{0DC2D8DE-A6C4-4C84-85A8-3E6A4187E8EC}.Release|Any CPU.ActiveCfg = Release|Any CPU
		{0DC2D8DE-A6C4-4C84-85A8-3E6A4187E8EC}.Release|Any CPU.Build.0 = Release|Any CPU
	EndGlobalSection
	GlobalSection(SolutionProperties) = preSolution
		HideSolutionNode = FALSE
	EndGlobalSection
	GlobalSection(ExtensibilityGlobals) = postSolution
		SolutionGuid = {67FA5202-BEDF-4927-8F0F-337B14536A2D}
	EndGlobalSection
EndGlobal
